
Microsoft Visual Studio Solution File, Format Version 12.00
# Visual Studio Version 16
VisualStudioVersion = 16.0.32106.194
MinimumVisualStudioVersion = 10.0.40219.1
Project("{FAE04EC0-301F-11D3-BF4B-00C04F79EFBC}") = "salon", "salon\salon.csproj", "{AD11FA1C-30FB-469F-8918-F9FAA4F0350C}"
EndProject
Global
	GlobalSection(SolutionConfigurationPlatforms) = preSolution
		Debug|Any CPU = Debug|Any CPU
		Release|Any CPU = Release|Any CPU
	EndGlobalSection
	GlobalSection(ProjectConfigurationPlatforms) = postSolution
		{AD11FA1C-30FB-469F-8918-F9FAA4F0350C}.Debug|Any CPU.ActiveCfg = Debug|Any CPU
		{AD11FA1C-30FB-469F-8918-F9FAA4F0350C}.Debug|Any CPU.Build.0 = Debug|Any CPU
		{AD11FA1C-30FB-469F-8918-F9FAA4F0350C}.Release|Any CPU.ActiveCfg = Release|Any CPU
		{AD11FA1C-30FB-469F-8918-F9FAA4F0350C}.Release|Any CPU.Build.0 = Release|Any CPU
	EndGlobalSection
	GlobalSection(SolutionProperties) = preSolution
		HideSolutionNode = FALSE
	EndGlobalSection
	GlobalSection(ExtensibilityGlobals) = postSolution
		SolutionGuid = {DC192B19-CA6F-4E11-8131-729AD6D2EC02}
	EndGlobalSection
EndGlobal
